
Microsoft Visual Studio Solution File, Format Version 12.00
# Visual Studio Version 17
VisualStudioVersion = 17.9.34714.143
MinimumVisualStudioVersion = 10.0.40219.1
Project("{9A19103F-16F7-4668-BE54-9A1E7A4F7556}") = "TripsAPI", "TripsAPI.csproj", "{656C0F7E-334A-4D8E-9EA4-F46BE3A0329D}"
EndProject
Global
	GlobalSection(SolutionConfigurationPlatforms) = preSolution
		Debug|Any CPU = Debug|Any CPU
		Release|Any CPU = Release|Any CPU
	EndGlobalSection
	GlobalSection(ProjectConfigurationPlatforms) = postSolution
		{656C0F7E-334A-4D8E-9EA4-F46BE3A0329D}.Debug|Any CPU.ActiveCfg = Debug|Any CPU
		{656C0F7E-334A-4D8E-9EA4-F46BE3A0329D}.Debug|Any CPU.Build.0 = Debug|Any CPU
		{656C0F7E-334A-4D8E-9EA4-F46BE3A0329D}.Release|Any CPU.ActiveCfg = Release|Any CPU
		{656C0F7E-334A-4D8E-9EA4-F46BE3A0329D}.Release|Any CPU.Build.0 = Release|Any CPU
	EndGlobalSection
	GlobalSection(SolutionProperties) = preSolution
		HideSolutionNode = FALSE
	EndGlobalSection
	GlobalSection(ExtensibilityGlobals) = postSolution
		SolutionGuid = {F23864FC-1067-4329-9F67-2C7FAF803841}
	EndGlobalSection
EndGlobal
